
Microsoft Visual Studio Solution File, Format Version 12.00
# Visual Studio Version 17
VisualStudioVersion = 17.4.33110.190
MinimumVisualStudioVersion = 10.0.40219.1
Project("{FAE04EC0-301F-11D3-BF4B-00C04F79EFBC}") = "SharpWatchDog", "SharpWatchDog\SharpWatchDog.csproj", "{FAB196B1-B013-468D-BD15-F2FCCE630697}"
EndProject
Global
	GlobalSection(SolutionConfigurationPlatforms) = preSolution
		Debug|Any CPU = Debug|Any CPU
		Release|Any CPU = Release|Any CPU
	EndGlobalSection
	GlobalSection(ProjectConfigurationPlatforms) = postSolution
		{FAB196B1-B013-468D-BD15-F2FCCE630697}.Debug|Any CPU.ActiveCfg = Debug|Any CPU
		{FAB196B1-B013-468D-BD15-F2FCCE630697}.Debug|Any CPU.Build.0 = Debug|Any CPU
		{FAB196B1-B013-468D-BD15-F2FCCE630697}.Release|Any CPU.ActiveCfg = Release|Any CPU
		{FAB196B1-B013-468D-BD15-F2FCCE630697}.Release|Any CPU.Build.0 = Release|Any CPU
	EndGlobalSection
	GlobalSection(SolutionProperties) = preSolution
		HideSolutionNode = FALSE
	EndGlobalSection
	GlobalSection(ExtensibilityGlobals) = postSolution
		SolutionGuid = {7CD54B1C-D6A6-4745-91D8-A6F5DCAFFF7A}
	EndGlobalSection
EndGlobal
